
Microsoft Visual Studio Solution File, Format Version 12.00
# Visual Studio Version 16
VisualStudioVersion = 16.0.31410.357
MinimumVisualStudioVersion = 10.0.40219.1
Project("{FAE04EC0-301F-11D3-BF4B-00C04F79EFBC}") = "CreateTabelProject", "CreateTabelProject\CreateTabelProject.csproj", "{623A8DC3-180B-4CA4-BA5C-45F310DAB23C}"
EndProject
Global
	GlobalSection(SolutionConfigurationPlatforms) = preSolution
		Debug|Any CPU = Debug|Any CPU
		Release|Any CPU = Release|Any CPU
	EndGlobalSection
	GlobalSection(ProjectConfigurationPlatforms) = postSolution
		{623A8DC3-180B-4CA4-BA5C-45F310DAB23C}.Debug|Any CPU.ActiveCfg = Debug|Any CPU
		{623A8DC3-180B-4CA4-BA5C-45F310DAB23C}.Debug|Any CPU.Build.0 = Debug|Any CPU
		{623A8DC3-180B-4CA4-BA5C-45F310DAB23C}.Release|Any CPU.ActiveCfg = Release|Any CPU
		{623A8DC3-180B-4CA4-BA5C-45F310DAB23C}.Release|Any CPU.Build.0 = Release|Any CPU
	EndGlobalSection
	GlobalSection(SolutionProperties) = preSolution
		HideSolutionNode = FALSE
	EndGlobalSection
	GlobalSection(ExtensibilityGlobals) = postSolution
		SolutionGuid = {92FC356B-193D-4313-B422-02BD123A0058}
	EndGlobalSection
EndGlobal
